
Microsoft Visual Studio Solution File, Format Version 12.00
# Visual Studio Version 17
VisualStudioVersion = 17.13.35825.156 d17.13
MinimumVisualStudioVersion = 10.0.40219.1
Project("{FAE04EC0-301F-11D3-BF4B-00C04F79EFBC}") = "Hotellerie_Amir", "Hotellerie_Amir\Hotellerie_Amir.csproj", "{D127FA38-77A4-4C5B-B3D1-E537E0AC3FFC}"
EndProject
Global
	GlobalSection(SolutionConfigurationPlatforms) = preSolution
		Debug|Any CPU = Debug|Any CPU
		Release|Any CPU = Release|Any CPU
	EndGlobalSection
	GlobalSection(ProjectConfigurationPlatforms) = postSolution
		{D127FA38-77A4-4C5B-B3D1-E537E0AC3FFC}.Debug|Any CPU.ActiveCfg = Debug|Any CPU
		{D127FA38-77A4-4C5B-B3D1-E537E0AC3FFC}.Debug|Any CPU.Build.0 = Debug|Any CPU
		{D127FA38-77A4-4C5B-B3D1-E537E0AC3FFC}.Release|Any CPU.ActiveCfg = Release|Any CPU
		{D127FA38-77A4-4C5B-B3D1-E537E0AC3FFC}.Release|Any CPU.Build.0 = Release|Any CPU
	EndGlobalSection
	GlobalSection(SolutionProperties) = preSolution
		HideSolutionNode = FALSE
	EndGlobalSection
	GlobalSection(ExtensibilityGlobals) = postSolution
		SolutionGuid = {8DDDE8F3-B1E9-479C-86FE-20646DB84505}
	EndGlobalSection
EndGlobal
